
Microsoft Visual Studio Solution File, Format Version 12.00
# Visual Studio Version 17
VisualStudioVersion = 17.8.34525.116
MinimumVisualStudioVersion = 10.0.40219.1
Project("{FAE04EC0-301F-11D3-BF4B-00C04F79EFBC}") = "TrackerLibrary", "TrackerLibrary\TrackerLibrary.csproj", "{47773ACC-5AB1-4778-A0D3-CC2CAAEE458C}"
EndProject
Project("{FAE04EC0-301F-11D3-BF4B-00C04F79EFBC}") = "TrackerUI", "TrackerUI\TrackerUI.csproj", "{60B7720B-01C5-4F53-BF29-770EBA2D3633}"
EndProject
Global
	GlobalSection(SolutionConfigurationPlatforms) = preSolution
		Debug|Any CPU = Debug|Any CPU
		Release|Any CPU = Release|Any CPU
	EndGlobalSection
	GlobalSection(ProjectConfigurationPlatforms) = postSolution
		{47773ACC-5AB1-4778-A0D3-CC2CAAEE458C}.Debug|Any CPU.ActiveCfg = Debug|Any CPU
		{47773ACC-5AB1-4778-A0D3-CC2CAAEE458C}.Debug|Any CPU.Build.0 = Debug|Any CPU
		{47773ACC-5AB1-4778-A0D3-CC2CAAEE458C}.Release|Any CPU.ActiveCfg = Release|Any CPU
		{47773ACC-5AB1-4778-A0D3-CC2CAAEE458C}.Release|Any CPU.Build.0 = Release|Any CPU
		{60B7720B-01C5-4F53-BF29-770EBA2D3633}.Debug|Any CPU.ActiveCfg = Debug|Any CPU
		{60B7720B-01C5-4F53-BF29-770EBA2D3633}.Debug|Any CPU.Build.0 = Debug|Any CPU
		{60B7720B-01C5-4F53-BF29-770EBA2D3633}.Release|Any CPU.ActiveCfg = Release|Any CPU
		{60B7720B-01C5-4F53-BF29-770EBA2D3633}.Release|Any CPU.Build.0 = Release|Any CPU
	EndGlobalSection
	GlobalSection(SolutionProperties) = preSolution
		HideSolutionNode = FALSE
	EndGlobalSection
	GlobalSection(ExtensibilityGlobals) = postSolution
		SolutionGuid = {12CAB1C6-2C72-409B-BB33-648468558F9B}
	EndGlobalSection
EndGlobal
